
Microsoft Visual Studio Solution File, Format Version 12.00
# Visual Studio Version 16
VisualStudioVersion = 16.0.29920.165
MinimumVisualStudioVersion = 10.0.40219.1
Project("{FAE04EC0-301F-11D3-BF4B-00C04F79EFBC}") = "EventBusFuncion", "EventBusFuncion\EventBusFuncion.csproj", "{6704F06D-6011-4590-A76F-8F26FB201856}"
EndProject
Global
	GlobalSection(SolutionConfigurationPlatforms) = preSolution
		Debug|Any CPU = Debug|Any CPU
		Release|Any CPU = Release|Any CPU
	EndGlobalSection
	GlobalSection(ProjectConfigurationPlatforms) = postSolution
		{6704F06D-6011-4590-A76F-8F26FB201856}.Debug|Any CPU.ActiveCfg = Debug|Any CPU
		{6704F06D-6011-4590-A76F-8F26FB201856}.Debug|Any CPU.Build.0 = Debug|Any CPU
		{6704F06D-6011-4590-A76F-8F26FB201856}.Release|Any CPU.ActiveCfg = Release|Any CPU
		{6704F06D-6011-4590-A76F-8F26FB201856}.Release|Any CPU.Build.0 = Release|Any CPU
	EndGlobalSection
	GlobalSection(SolutionProperties) = preSolution
		HideSolutionNode = FALSE
	EndGlobalSection
	GlobalSection(ExtensibilityGlobals) = postSolution
		SolutionGuid = {19B862B8-85A3-4AE2-B6CF-E3AE70C48D4B}
	EndGlobalSection
EndGlobal
